
Microsoft Visual Studio Solution File, Format Version 12.00
# Visual Studio Version 17
VisualStudioVersion = 17.3.32819.101
MinimumVisualStudioVersion = 10.0.40219.1
Project("{8BC9CEB8-8B4A-11D0-8D11-00A0C91BC942}") = "OpenCVProject", "OpenCVProject.vcxproj", "{1329A889-C315-446E-95A7-C6652E3606DE}"
EndProject
Global
	GlobalSection(SolutionConfigurationPlatforms) = preSolution
		Debug|x64 = Debug|x64
		Debug|x86 = Debug|x86
		Release|x64 = Release|x64
		Release|x86 = Release|x86
	EndGlobalSection
	GlobalSection(ProjectConfigurationPlatforms) = postSolution
		{1329A889-C315-446E-95A7-C6652E3606DE}.Debug|x64.ActiveCfg = Debug|x64
		{1329A889-C315-446E-95A7-C6652E3606DE}.Debug|x64.Build.0 = Debug|x64
		{1329A889-C315-446E-95A7-C6652E3606DE}.Debug|x86.ActiveCfg = Debug|Win32
		{1329A889-C315-446E-95A7-C6652E3606DE}.Debug|x86.Build.0 = Debug|Win32
		{1329A889-C315-446E-95A7-C6652E3606DE}.Release|x64.ActiveCfg = Release|x64
		{1329A889-C315-446E-95A7-C6652E3606DE}.Release|x64.Build.0 = Release|x64
		{1329A889-C315-446E-95A7-C6652E3606DE}.Release|x86.ActiveCfg = Release|Win32
		{1329A889-C315-446E-95A7-C6652E3606DE}.Release|x86.Build.0 = Release|Win32
	EndGlobalSection
	GlobalSection(SolutionProperties) = preSolution
		HideSolutionNode = FALSE
	EndGlobalSection
	GlobalSection(ExtensibilityGlobals) = postSolution
		SolutionGuid = {1BA6C0A7-BA8A-49E7-A59F-69D9B7E3B974}
	EndGlobalSection
EndGlobal
